
Microsoft Visual Studio Solution File, Format Version 11.00
# Visual C# Express 2010
Project("{FAE04EC0-301F-11D3-BF4B-00C04F79EFBC}") = "SUR_TUIO", "SUR_TUIO.csproj", "{F317F398-4A41-4544-ACDB-A0902E3B3B94}"
EndProject
Global
	GlobalSection(SolutionConfigurationPlatforms) = preSolution
		Debug|x86 = Debug|x86
		Release|x86 = Release|x86
	EndGlobalSection
	GlobalSection(ProjectConfigurationPlatforms) = postSolution
		{F317F398-4A41-4544-ACDB-A0902E3B3B94}.Debug|x86.ActiveCfg = Debug|x86
		{F317F398-4A41-4544-ACDB-A0902E3B3B94}.Debug|x86.Build.0 = Debug|x86
		{F317F398-4A41-4544-ACDB-A0902E3B3B94}.Release|x86.ActiveCfg = Release|x86
		{F317F398-4A41-4544-ACDB-A0902E3B3B94}.Release|x86.Build.0 = Release|x86
	EndGlobalSection
	GlobalSection(SolutionProperties) = preSolution
		HideSolutionNode = FALSE
	EndGlobalSection
EndGlobal
